// !$*UTF8*$!
{
	archiveVersion = 1;
	classes = {
	};
	objectVersion = 77;
	objects = {

/* Begin PBXContainerItemProxy section */
		C02EDDAF2F3B11AE00CF5DD4 /* PBXContainerItemProxy */ = {
			isa = PBXContainerItemProxy;
			containerPortal = C02EDD902F3B11AD00CF5DD4 /* Project object */;
			proxyType = 1;
			remoteGlobalIDString = C02EDD972F3B11AD00CF5DD4;
			remoteInfo = TOdOList;
		};
		C02EDDB92F3B11AE00CF5DD4 /* PBXContainerItemProxy */ = {
			isa = PBXContainerItemProxy;
			containerPortal = C02EDD902F3B11AD00CF5DD4 /* Project object */;
			proxyType = 1;
			remoteGlobalIDString = C02EDD972F3B11AD00CF5DD4;
			remoteInfo = TOdOList;
		};
/* End PBXContainerItemProxy section */

/* Begin PBXFileReference section */
		C02EDD982F3B11AD00CF5DD4 /* TOdOList.app */ = {isa = PBXFileReference; explicitFileType = wrapper.application; includeInIndex = 0; path = TOdOList.app; sourceTree = BUILT_PRODUCTS_DIR; };
		C02EDDAE2F3B11AE00CF5DD4 /* TOdOListTests.xctest */ = {isa = PBXFileReference; explicitFileType = wrapper.cfbundle; includeInIndex = 0; path = TOdOListTests.xctest; sourceTree = BUILT_PRODUCTS_DIR; };
		C02EDDB82F3B11AE00CF5DD4 /* TOdOListUITests.xctest */ = {isa = PBXFileReference; explicitFileType = wrapper.cfbundle; includeInIndex = 0; path = TOdOListUITests.xctest; sourceTree = BUILT_PRODUCTS_DIR; };
/* End PBXFileReference section */

/* Begin PBXFileSystemSynchronizedBuildFileExceptionSet section */
		C02EDDC02F3B11AE00CF5DD4 /* Exceptions for "TOdOList" folder in "TOdOList" target */ = {
			isa = PBXFileSystemSynchronizedBuildFileExceptionSet;
			membershipExceptions = (
				Info.plist,
			);
			target = C02EDD972F3B11AD00CF5DD4 /* TOdOList */;
		};
/* End PBXFileSystemSynchronizedBuildFileExceptionSet section */

/* Begin PBXFileSystemSynchronizedRootGroup section */
		C02EDD9A2F3B11AD00CF5DD4 /* TOdOList */ = {
			isa = PBXFileSystemSynchronizedRootGroup;
			exceptions = (
				C02EDDC02F3B11AE00CF5DD4 /* Exceptions for "TOdOList" folder in "TOdOList" target */,
			);
			path = TOdOList;
			sourceTree = "<group>";
		};
/* End PBXFileSystemSynchronizedRootGroup section */

/* Begin PBXFrameworksBuildPhase section */
		C02EDD952F3B11AD00CF5DD4 /* Frameworks */ = {
			isa = PBXFrameworksBuildPhase;
			buildActionMask = 2147483647;
			files = (
			);
			runOnlyForDeploymentPostprocessing = 0;
		};
		C02EDDAB2F3B11AE00CF5DD4 /* Frameworks */ = {
			isa = PBXFrameworksBuildPhase;
			buildActionMask = 2147483647;
			files = (
			);
			runOnlyForDeploymentPostprocessing = 0;
		};
		C02EDDB52F3B11AE00CF5DD4 /* Frameworks */ = {
			isa = PBXFrameworksBuildPhase;
			buildActionMask = 2147483647;
			files = (
			);
			runOnlyForDeploymentPostprocessing = 0;
		};
/* End PBXFrameworksBuildPhase section */

/* Begin PBXGroup section */
		C02EDD8F2F3B11AD00CF5DD4 = {
			isa = PBXGroup;
			children = (
				C02EDD9A2F3B11AD00CF5DD4 /* TOdOList */,
				C02EDD992F3B11AD00CF5DD4 /* Products */,
			);
			sourceTree = "<group>";
		};
		C02EDD992F3B11AD00CF5DD4 /* Products */ = {
			isa = PBXGroup;
			children = (
				C02EDD982F3B11AD00CF5DD4 /* TOdOList.app */,
				C02EDDAE2F3B11AE00CF5DD4 /* TOdOListTests.xctest */,
				C02EDDB82F3B11AE00CF5DD4 /* TOdOListUITests.xctest */,
			);
			name = Products;
			sourceTree = "<group>";
		};
/* End PBXGroup section */

/* Begin PBXNativeTarget section */
		C02EDD972F3B11AD00CF5DD4 /* TOdOList */ = {
			isa = PBXNativeTarget;
			buildConfigurationList = C02EDDC12F3B11AE00CF5DD4 /* Build configuration list for PBXNativeTarget "TOdOList" */;
			buildPhases = (
				C02EDD942F3B11AD00CF5DD4 /* Sources */,
				C02EDD952F3B11AD00CF5DD4 /* Frameworks */,
				C02EDD962F3B11AD00CF5DD4 /* Resources */,
			);
			buildRules = (
			);
			dependencies = (
			);
			fileSystemSynchronizedGroups = (
				C02EDD9A2F3B11AD00CF5DD4 /* TOdOList */,
			);
			name = TOdOList;
			packageProductDependencies = (
			);
			productName = TOdOList;
			productReference = C02EDD982F3B11AD00CF5DD4 /* TOdOList.app */;
			productType = "com.apple.product-type.application";
		};
		C02EDDAD2F3B11AE00CF5DD4 /* TOdOListTests */ = {
			isa = PBXNativeTarget;
			buildConfigurationList = C02EDDC62F3B11AE00CF5DD4 /* Build configuration list for PBXNativeTarget "TOdOListTests" */;
			buildPhases = (
				C02EDDAA2F3B11AE00CF5DD4 /* Sources */,
				C02EDDAB2F3B11AE00CF5DD4 /* Frameworks */,
				C02EDDAC2F3B11AE00CF5DD4 /* Resources */,
			);
			buildRules = (
			);
			dependencies = (
				C02EDDB02F3B11AE00CF5DD4 /* PBXTargetDependency */,
			);
			name = TOdOListTests;
			packageProductDependencies = (
			);
			productName = TOdOListTests;
			productReference = C02EDDAE2F3B11AE00CF5DD4 /* TOdOListTests.xctest */;
			productType = "com.apple.product-type.bundle.unit-test";
		};
		C02EDDB72F3B11AE00CF5DD4 /* TOdOListUITests */ = {
			isa = PBXNativeTarget;
			buildConfigurationList = C02EDDC92F3B11AE00CF5DD4 /* Build configuration list for PBXNativeTarget "TOdOListUITests" */;
			buildPhases = (
				C02EDDB42F3B11AE00CF5DD4 /* Sources */,
				C02EDDB52F3B11AE00CF5DD4 /* Frameworks */,
				C02EDDB62F3B11AE00CF5DD4 /* Resources */,
			);
			buildRules = (
			);
			dependencies = (
				C02EDDBA2F3B11AE00CF5DD4 /* PBXTargetDependency */,
			);
			name = TOdOListUITests;
			packageProductDependencies = (
			);
			productName = TOdOListUITests;
			productReference = C02EDDB82F3B11AE00CF5DD4 /* TOdOListUITests.xctest */;
			productType = "com.apple.product-type.bundle.ui-testing";
		};
/* End PBXNativeTarget section */

/* Begin PBXProject section */
		C02EDD902F3B11AD00CF5DD4 /* Project object */ = {
			isa = PBXProject;
			attributes = {
				BuildIndependentTargetsInParallel = 1;
				LastSwiftUpdateCheck = 1640;
				LastUpgradeCheck = 1640;
				TargetAttributes = {
					C02EDD972F3B11AD00CF5DD4 = {
						CreatedOnToolsVersion = 16.4;
						LastSwiftMigration = 1640;
					};
					C02EDDAD2F3B11AE00CF5DD4 = {
						CreatedOnToolsVersion = 16.4;
						TestTargetID = C02EDD972F3B11AD00CF5DD4;
					};
					C02EDDB72F3B11AE00CF5DD4 = {
						CreatedOnToolsVersion = 16.4;
						TestTargetID = C02EDD972F3B11AD00CF5DD4;
					};
				};
			};
			buildConfigurationList = C02EDD932F3B11AD00CF5DD4 /* Build configuration list for PBXProject "TOdOList" */;
			developmentRegion = en;
			hasScannedForEncodings = 0;
			knownRegions = (
				en,
				Base,
			);
			mainGroup = C02EDD8F2F3B11AD00CF5DD4;
			minimizedProjectReferenceProxies = 1;
			preferredProjectObjectVersion = 77;
			productRefGroup = C02EDD992F3B11AD00CF5DD4 /* Products */;
			projectDirPath = "";
			projectRoot = "";
			targets = (
				C02EDD972F3B11AD00CF5DD4 /* TOdOList */,
				C02EDDAD2F3B11AE00CF5DD4 /* TOdOListTests */,
				C02EDDB72F3B11AE00CF5DD4 /* TOdOListUITests */,
			);
		};
/* End PBXProject section */

/* Begin PBXResourcesBuildPhase section */
		C02EDD962F3B11AD00CF5DD4 /* Resources */ = {
			isa = PBXResourcesBuildPhase;
			buildActionMask = 2147483647;
			files = (
			);
			runOnlyForDeploymentPostprocessing = 0;
		};
		C02EDDAC2F3B11AE00CF5DD4 /* Resources */ = {
			isa = PBXResourcesBuildPhase;
			buildActionMask = 2147483647;
			files = (
			);
			runOnlyForDeploymentPostprocessing = 0;
		};
		C02EDDB62F3B11AE00CF5DD4 /* Resources */ = {
			isa = PBXResourcesBuildPhase;
			buildActionMask = 2147483647;
			files = (
			);
			runOnlyForDeploymentPostprocessing = 0;
		};
/* End PBXResourcesBuildPhase section */

/* Begin PBXSourcesBuildPhase section */
		C02EDD942F3B11AD00CF5DD4 /* Sources */ = {
			isa = PBXSourcesBuildPhase;
			buildActionMask = 2147483647;
			files = (
			);
			runOnlyForDeploymentPostprocessing = 0;
		};
		C02EDDAA2F3B11AE00CF5DD4 /* Sources */ = {
			isa = PBXSourcesBuildPhase;
			buildActionMask = 2147483647;
			files = (
			);
			runOnlyForDeploymentPostprocessing = 0;
		};
		C02EDDB42F3B11AE00CF5DD4 /* Sources */ = {
			isa = PBXSourcesBuildPhase;
			buildActionMask = 2147483647;
			files = (
			);
			runOnlyForDeploymentPostprocessing = 0;
		};
/* End PBXSourcesBuildPhase section */

/* Begin PBXTargetDependency section */
		C02EDDB02F3B11AE00CF5DD4 /* PBXTargetDependency */ = {
			isa = PBXTargetDependency;
			target = C02EDD972F3B11AD00CF5DD4 /* TOdOList */;
			targetProxy = C02EDDAF2F3B11AE00CF5DD4 /* PBXContainerItemProxy */;
		};
		C02EDDBA2F3B11AE00CF5DD4 /* PBXTargetDependency */ = {
			isa = PBXTargetDependency;
			target = C02EDD972F3B11AD00CF5DD4 /* TOdOList */;
			targetProxy = C02EDDB92F3B11AE00CF5DD4 /* PBXContainerItemProxy */;
		};
/* End PBXTargetDependency section */

/* Begin XCBuildConfiguration section */
		C02EDDC22F3B11AE00CF5DD4 /* Debug */ = {
			isa = XCBuildConfiguration;
			buildSettings = {
				ASSETCATALOG_COMPILER_APPICON_NAME = AppIcon;
				ASSETCATALOG_COMPILER_GLOBAL_ACCENT_COLOR_NAME = AccentColor;
				CLANG_ENABLE_MODULES = YES;
				CODE_SIGN_STYLE = Automatic;
				CURRENT_PROJECT_VERSION = 1;
				GENERATE_INFOPLIST_FILE = YES;
				INFOPLIST_FILE = TOdOList/Info.plist;
				INFOPLIST_KEY_UIApplicationSupportsIndirectInputEvents = YES;
				INFOPLIST_KEY_UILaunchStoryboardName = LaunchScreen;
				INFOPLIST_KEY_UIMainStoryboardFile = Main;
				INFOPLIST_KEY_UISupportedInterfaceOrientations_iPad = "UIInterfaceOrientationPortrait UIInterfaceOrientationPortraitUpsideDown UIInterfaceOrientationLandscapeLeft UIInterfaceOrientationLandscapeRight";
				INFOPLIST_KEY_UISupportedInterfaceOrientations_iPhone = "UIInterfaceOrientationPortrait UIInterfaceOrientationLandscapeLeft UIInterfaceOrientationLandscapeRight";
				LD_RUNPATH_SEARCH_PATHS = (
					"$(inherited)",
					"@executable_path/Frameworks",
				);
				MARKETING_VERSION = 1.0;
				PRODUCT_BUNDLE_IDENTIFIER = bh.polytechnic.TOdOList;
				PRODUCT_NAME = "$(TARGET_NAME)";
				SWIFT_EMIT_LOC_STRINGS = YES;
				SWIFT_OPTIMIZATION_LEVEL = "-Onone";
				SWIFT_VERSION = 5.0;
				TARGETED_DEVICE_FAMILY = "1,2";
			};
			name = Debug;
		};
		C02EDDC32F3B11AE00CF5DD4 /* Release */ = {
			isa = XCBuildConfiguration;
			buildSettings = {
				ASSETCATALOG_COMPILER_APPICON_NAME = AppIcon;
				ASSETCATALOG_COMPILER_GLOBAL_ACCENT_COLOR_NAME = AccentColor;
				CLANG_ENABLE_MODULES = YES;
				CODE_SIGN_STYLE = Automatic;
				CURRENT_PROJECT_VERSION = 1;
				GENERATE_INFOPLIST_FILE = YES;
				INFOPLIST_FILE = TOdOList/Info.plist;
				INFOPLIST_KEY_UIApplicationSupportsIndirectInputEvents = YES;
				INFOPLIST_KEY_UILaunchStoryboardName = LaunchScreen;
				INFOPLIST_KEY_UIMainStoryboardFile = Main;
				INFOPLIST_KEY_UISupportedInterfaceOrientations_iPad = "UIInterfaceOrientationPortrait UIInterfaceOrientationPortraitUpsideDown UIInterfaceOrientationLandscapeLeft UIInterfaceOrientationLandscapeRight";
				INFOPLIST_KEY_UISupportedInterfaceOrientations_iPhone = "UIInterfaceOrientationPortrait UIInterfaceOrientationLandscapeLeft UIInterfaceOrientationLandscapeRight";
				LD_RUNPATH_SEARCH_PATHS = (
					"$(inherited)",
					"@executable_path/Frameworks",
				);
				MARKETING_VERSION = 1.0;
				PRODUCT_BUNDLE_IDENTIFIER = bh.polytechnic.TOdOList;
				PRODUCT_NAME = "$(TARGET_NAME)";
				SWIFT_EMIT_LOC_STRINGS = YES;
				SWIFT_VERSION = 5.0;
				TARGETED_DEVICE_FAMILY = "1,2";
			};
			name = Release;
		};
		C02EDDC42F3B11AE00CF5DD4 /* Debug */ = {
			isa = XCBuildConfiguration;
			buildSettings = {
				ALWAYS_SEARCH_USER_PATHS = NO;
				ASSETCATALOG_COMPILER_GENERATE_SWIFT_ASSET_SYMBOL_EXTENSIONS = YES;
				CLANG_ANALYZER_NONNULL = YES;
				CLANG_ANALYZER_NUMBER_OBJECT_CONVERSION = YES_AGGRESSIVE;
				CLANG_CXX_LANGUAGE_STANDARD = "gnu++20";
				CLANG_ENABLE_MODULES = YES;
				CLANG_ENABLE_OBJC_ARC = YES;
				CLANG_ENABLE_OBJC_WEAK = YES;
				CLANG_WARN_BLOCK_CAPTURE_AUTORELEASING = YES;
				CLANG_WARN_BOOL_CONVERSION = YES;
				CLANG_WARN_COMMA = YES;
				CLANG_WARN_CONSTANT_CONVERSION = YES;
				CLANG_WARN_DEPRECATED_OBJC_IMPLEMENTATIONS = YES;
				CLANG_WARN_DIRECT_OBJC_ISA_USAGE = YES_ERROR;
				CLANG_WARN_DOCUMENTATION_COMMENTS = YES;
				CLANG_WARN_EMPTY_BODY = YES;
				CLANG_WARN_ENUM_CONVERSION = YES;
				CLANG_WARN_INFINITE_RECURSION = YES;
				CLANG_WARN_INT_CONVERSION = YES;
				CLANG_WARN_NON_LITERAL_NULL_CONVERSION = YES;
				CLANG_WARN_OBJC_IMPLICIT_RETAIN_SELF = YES;
				CLANG_WARN_OBJC_LITERAL_CONVERSION = YES;
				CLANG_WARN_OBJC_ROOT_CLASS = YES_ERROR;
				CLANG_WARN_QUOTED_INCLUDE_IN_FRAMEWORK_HEADER = YES;
				CLANG_WARN_RANGE_LOOP_ANALYSIS = YES;
				CLANG_WARN_STRICT_PROTOTYPES = YES;
				CLANG_WARN_SUSPICIOUS_MOVE = YES;
				CLANG_WARN_UNGUARDED_AVAILABILITY = YES_AGGRESSIVE;
				CLANG_WARN_UNREACHABLE_CODE = YES;
				CLANG_WARN__DUPLICATE_METHOD_MATCH = YES;
				COPY_PHASE_STRIP = NO;
				DEBUG_INFORMATION_FORMAT = dwarf;
				ENABLE_STRICT_OBJC_MSGSEND = YES;
				ENABLE_TESTABILITY = YES;
				ENABLE_USER_SCRIPT_SANDBOXING = YES;
				GCC_C_LANGUAGE_STANDARD = gnu17;
				GCC_DYNAMIC_NO_PIC = NO;
				GCC_NO_COMMON_BLOCKS = YES;
				GCC_OPTIMIZATION_LEVEL = 0;
				GCC_PREPROCESSOR_DEFINITIONS = (
					"DEBUG=1",
					"$(inherited)",
				);
				GCC_WARN_64_TO_32_BIT_CONVERSION = YES;
				GCC_WARN_ABOUT_RETURN_TYPE = YES_ERROR;
				GCC_WARN_UNDECLARED_SELECTOR = YES;
				GCC_WARN_UNINITIALIZED_AUTOS = YES_AGGRESSIVE;
				GCC_WARN_UNUSED_FUNCTION = YES;
				GCC_WARN_UNUSED_VARIABLE = YES;
				IPHONEOS_DEPLOYMENT_TARGET = 18.5;
				LOCALIZATION_PREFERS_STRING_CATALOGS = YES;
				MTL_ENABLE_DEBUG_INFO = INCLUDE_SOURCE;
				MTL_FAST_MATH = YES;
				ONLY_ACTIVE_ARCH = YES;
				SDKROOT = iphoneos;
				SWIFT_ACTIVE_COMPILATION_CONDITIONS = "DEBUG $(inherited)";
				SWIFT_OPTIMIZATION_LEVEL = "-Onone";
			};
			name = Debug;
		};
		C02EDDC52F3B11AE00CF5DD4 /* Release */ = {
			isa = XCBuildConfiguration;
			buildSettings = {
				ALWAYS_SEARCH_USER_PATHS = NO;
				ASSETCATALOG_COMPILER_GENERATE_SWIFT_ASSET_SYMBOL_EXTENSIONS = YES;
				CLANG_ANALYZER_NONNULL = YES;
				CLANG_ANALYZER_NUMBER_OBJECT_CONVERSION = YES_AGGRESSIVE;
				CLANG_CXX_LANGUAGE_STANDARD = "gnu++20";
				CLANG_ENABLE_MODULES = YES;
				CLANG_ENABLE_OBJC_ARC = YES;
				CLANG_ENABLE_OBJC_WEAK = YES;
				CLANG_WARN_BLOCK_CAPTURE_AUTORELEASING = YES;
				CLANG_WARN_BOOL_CONVERSION = YES;
				CLANG_WARN_COMMA = YES;
				CLANG_WARN_CONSTANT_CONVERSION = YES;
				CLANG_WARN_DEPRECATED_OBJC_IMPLEMENTATIONS = YES;
				CLANG_WARN_DIRECT_OBJC_ISA_USAGE = YES_ERROR;
				CLANG_WARN_DOCUMENTATION_COMMENTS = YES;
				CLANG_WARN_EMPTY_BODY = YES;
				CLANG_WARN_ENUM_CONVERSION = YES;
				CLANG_WARN_INFINITE_RECURSION = YES;
				CLANG_WARN_INT_CONVERSION = YES;
				CLANG_WARN_NON_LITERAL_NULL_CONVERSION = YES;
				CLANG_WARN_OBJC_IMPLICIT_RETAIN_SELF = YES;
				CLANG_WARN_OBJC_LITERAL_CONVERSION = YES;
				CLANG_WARN_OBJC_ROOT_CLASS = YES_ERROR;
				CLANG_WARN_QUOTED_INCLUDE_IN_FRAMEWORK_HEADER = YES;
				CLANG_WARN_RANGE_LOOP_ANALYSIS = YES;
				CLANG_WARN_STRICT_PROTOTYPES = YES;
				CLANG_WARN_SUSPICIOUS_MOVE = YES;
				CLANG_WARN_UNGUARDED_AVAILABILITY = YES_AGGRESSIVE;
				CLANG_WARN_UNREACHABLE_CODE = YES;
				CLANG_WARN__DUPLICATE_METHOD_MATCH = YES;
				COPY_PHASE_STRIP = NO;
				DEBUG_INFORMATION_FORMAT = "dwarf-with-dsym";
				ENABLE_NS_ASSERTIONS = NO;
				ENABLE_STRICT_OBJC_MSGSEND = YES;
				ENABLE_USER_SCRIPT_SANDBOXING = YES;
				GCC_C_LANGUAGE_STANDARD = gnu17;
				GCC_NO_COMMON_BLOCKS = YES;
				GCC_WARN_64_TO_32_BIT_CONVERSION = YES;
				GCC_WARN_ABOUT_RETURN_TYPE = YES_ERROR;
				GCC_WARN_UNDECLARED_SELECTOR = YES;
				GCC_WARN_UNINITIALIZED_AUTOS = YES_AGGRESSIVE;
				GCC_WARN_UNUSED_FUNCTION = YES;
				GCC_WARN_UNUSED_VARIABLE = YES;
				IPHONEOS_DEPLOYMENT_TARGET = 18.5;
				LOCALIZATION_PREFERS_STRING_CATALOGS = YES;
				MTL_ENABLE_DEBUG_INFO = NO;
				MTL_FAST_MATH = YES;
				SDKROOT = iphoneos;
				SWIFT_COMPILATION_MODE = wholemodule;
				VALIDATE_PRODUCT = YES;
			};
			name = Release;
		};
		C02EDDC72F3B11AE00CF5DD4 /* Debug */ = {
			isa = XCBuildConfiguration;
			buildSettings = {
				BUNDLE_LOADER = "$(TEST_HOST)";
				CODE_SIGN_STYLE = Automatic;
				CURRENT_PROJECT_VERSION = 1;
				GENERATE_INFOPLIST_FILE = YES;
				IPHONEOS_DEPLOYMENT_TARGET = 18.5;
				MARKETING_VERSION = 1.0;
				PRODUCT_BUNDLE_IDENTIFIER = bh.polytechnic.TOdOListTests;
				PRODUCT_NAME = "$(TARGET_NAME)";
				SWIFT_EMIT_LOC_STRINGS = NO;
				SWIFT_VERSION = 5.0;
				TARGETED_DEVICE_FAMILY = "1,2";
				TEST_HOST = "$(BUILT_PRODUCTS_DIR)/TOdOList.app/$(BUNDLE_EXECUTABLE_FOLDER_PATH)/TOdOList";
			};
			name = Debug;
		};
		C02EDDC82F3B11AE00CF5DD4 /* Release */ = {
			isa = XCBuildConfiguration;
			buildSettings = {
				BUNDLE_LOADER = "$(TEST_HOST)";
				CODE_SIGN_STYLE = Automatic;
				CURRENT_PROJECT_VERSION = 1;
				GENERATE_INFOPLIST_FILE = YES;
				IPHONEOS_DEPLOYMENT_TARGET = 18.5;
				MARKETING_VERSION = 1.0;
				PRODUCT_BUNDLE_IDENTIFIER = bh.polytechnic.TOdOListTests;
				PRODUCT_NAME = "$(TARGET_NAME)";
				SWIFT_EMIT_LOC_STRINGS = NO;
				SWIFT_VERSION = 5.0;
				TARGETED_DEVICE_FAMILY = "1,2";
				TEST_HOST = "$(BUILT_PRODUCTS_DIR)/TOdOList.app/$(BUNDLE_EXECUTABLE_FOLDER_PATH)/TOdOList";
			};
			name = Release;
		};
		C02EDDCA2F3B11AE00CF5DD4 /* Debug */ = {
			isa = XCBuildConfiguration;
			buildSettings = {
				CODE_SIGN_STYLE = Automatic;
				CURRENT_PROJECT_VERSION = 1;
				GENERATE_INFOPLIST_FILE = YES;
				MARKETING_VERSION = 1.0;
				PRODUCT_BUNDLE_IDENTIFIER = bh.polytechnic.TOdOListUITests;
				PRODUCT_NAME = "$(TARGET_NAME)";
				SWIFT_EMIT_LOC_STRINGS = NO;
				SWIFT_VERSION = 5.0;
				TARGETED_DEVICE_FAMILY = "1,2";
				TEST_TARGET_NAME = TOdOList;
			};
			name = Debug;
		};
		C02EDDCB2F3B11AE00CF5DD4 /* Release */ = {
			isa = XCBuildConfiguration;
			buildSettings = {
				CODE_SIGN_STYLE = Automatic;
				CURRENT_PROJECT_VERSION = 1;
				GENERATE_INFOPLIST_FILE = YES;
				MARKETING_VERSION = 1.0;
				PRODUCT_BUNDLE_IDENTIFIER = bh.polytechnic.TOdOListUITests;
				PRODUCT_NAME = "$(TARGET_NAME)";
				SWIFT_EMIT_LOC_STRINGS = NO;
				SWIFT_VERSION = 5.0;
				TARGETED_DEVICE_FAMILY = "1,2";
				TEST_TARGET_NAME = TOdOList;
			};
			name = Release;
		};
/* End XCBuildConfiguration section */

/* Begin XCConfigurationList section */
		C02EDD932F3B11AD00CF5DD4 /* Build configuration list for PBXProject "TOdOList" */ = {
			isa = XCConfigurationList;
			buildConfigurations = (
				C02EDDC42F3B11AE00CF5DD4 /* Debug */,
				C02EDDC52F3B11AE00CF5DD4 /* Release */,
			);
			defaultConfigurationIsVisible = 0;
			defaultConfigurationName = Release;
		};
		C02EDDC12F3B11AE00CF5DD4 /* Build configuration list for PBXNativeTarget "TOdOList" */ = {
			isa = XCConfigurationList;
			buildConfigurations = (
				C02EDDC22F3B11AE00CF5DD4 /* Debug */,
				C02EDDC32F3B11AE00CF5DD4 /* Release */,
			);
			defaultConfigurationIsVisible = 0;
			defaultConfigurationName = Release;
		};
		C02EDDC62F3B11AE00CF5DD4 /* Build configuration list for PBXNativeTarget "TOdOListTests" */ = {
			isa = XCConfigurationList;
			buildConfigurations = (
				C02EDDC72F3B11AE00CF5DD4 /* Debug */,
				C02EDDC82F3B11AE00CF5DD4 /* Release */,
			);
			defaultConfigurationIsVisible = 0;
			defaultConfigurationName = Release;
		};
		C02EDDC92F3B11AE00CF5DD4 /* Build configuration list for PBXNativeTarget "TOdOListUITests" */ = {
			isa = XCConfigurationList;
			buildConfigurations = (
				C02EDDCA2F3B11AE00CF5DD4 /* Debug */,
				C02EDDCB2F3B11AE00CF5DD4 /* Release */,
			);
			defaultConfigurationIsVisible = 0;
			defaultConfigurationName = Release;
		};
/* End XCConfigurationList section */
	};
	rootObject = C02EDD902F3B11AD00CF5DD4 /* Project object */;
}
